
Microsoft Visual Studio Solution File, Format Version 12.00
# Visual Studio Version 17
VisualStudioVersion = 17.14.36221.1 d17.14
MinimumVisualStudioVersion = 10.0.40219.1
Project("{FAE04EC0-301F-11D3-BF4B-00C04F79EFBC}") = "Proyecto", "Proyecto\Proyecto.csproj", "{E179F16C-E487-4173-89A9-EECA136B0427}"
EndProject
Global
	GlobalSection(SolutionConfigurationPlatforms) = preSolution
		Debug|Any CPU = Debug|Any CPU
		Release|Any CPU = Release|Any CPU
	EndGlobalSection
	GlobalSection(ProjectConfigurationPlatforms) = postSolution
		{E179F16C-E487-4173-89A9-EECA136B0427}.Debug|Any CPU.ActiveCfg = Debug|Any CPU
		{E179F16C-E487-4173-89A9-EECA136B0427}.Debug|Any CPU.Build.0 = Debug|Any CPU
		{E179F16C-E487-4173-89A9-EECA136B0427}.Release|Any CPU.ActiveCfg = Release|Any CPU
		{E179F16C-E487-4173-89A9-EECA136B0427}.Release|Any CPU.Build.0 = Release|Any CPU
	EndGlobalSection
	GlobalSection(SolutionProperties) = preSolution
		HideSolutionNode = FALSE
	EndGlobalSection
	GlobalSection(ExtensibilityGlobals) = postSolution
		SolutionGuid = {BE44865F-E7FD-42BD-92C4-807A0A17F483}
	EndGlobalSection
EndGlobal
